
Microsoft Visual Studio Solution File, Format Version 12.00
Project("{FAE04EC0-301F-11D3-BF4B-00C04F79EFBC}") = "FakeEdms", "FakeEdms\FakeEdms.csproj", "{F391D46F-F5C7-4796-9448-2A7969ADC9D2}"
EndProject
Project("{FAE04EC0-301F-11D3-BF4B-00C04F79EFBC}") = "FakeEdms.Tests", "FakeEdms.Tests\FakeEdms.Tests.csproj", "{5AEADB6C-8282-484F-8151-0FF80486C758}"
EndProject
Global
	GlobalSection(SolutionConfigurationPlatforms) = preSolution
		Debug|Any CPU = Debug|Any CPU
		Release|Any CPU = Release|Any CPU
	EndGlobalSection
	GlobalSection(ProjectConfigurationPlatforms) = postSolution
		{F391D46F-F5C7-4796-9448-2A7969ADC9D2}.Debug|Any CPU.ActiveCfg = Debug|Any CPU
		{F391D46F-F5C7-4796-9448-2A7969ADC9D2}.Debug|Any CPU.Build.0 = Debug|Any CPU
		{F391D46F-F5C7-4796-9448-2A7969ADC9D2}.Release|Any CPU.ActiveCfg = Release|Any CPU
		{F391D46F-F5C7-4796-9448-2A7969ADC9D2}.Release|Any CPU.Build.0 = Release|Any CPU
		{5AEADB6C-8282-484F-8151-0FF80486C758}.Debug|Any CPU.ActiveCfg = Debug|Any CPU
		{5AEADB6C-8282-484F-8151-0FF80486C758}.Debug|Any CPU.Build.0 = Debug|Any CPU
		{5AEADB6C-8282-484F-8151-0FF80486C758}.Release|Any CPU.ActiveCfg = Release|Any CPU
		{5AEADB6C-8282-484F-8151-0FF80486C758}.Release|Any CPU.Build.0 = Release|Any CPU
	EndGlobalSection
EndGlobal
